{
    "_meta": {
        "hash": {
            "sha256": "53724cfed509ba6b7a3e3fe579045ac48e81d3fa7353fb0a3f226ab4be4743ea"
        },
        "pipfile-spec": 6,
        "requires": {
            "python_version": "3.7"
        },
        "sources": [
            {
                "name": "pypi",
                "url": "https://pypi.org/simple",
                "verify_ssl": true
            }
        ]
    },
    "default": {
        "autopep8": {
            "hashes": [
                "sha256:33d2b5325b7e1afb4240814fe982eea3a92ebea712869bfd08b3c0393404248c"
            ],
            "index": "pypi",
            "version": "==1.4.3"
        },
        "bidict": {
            "hashes": [
                "sha256:8c74a373f24c741c316c104619a0daf7e7d06a76afc83b4634f690eeac0392c5",
                "sha256:e8be69c336e2ab4283686cea533abc8994a3e5602022b2043696d2aa0d0ce848"
            ],
            "index": "pypi",
            "version": "==0.17.5"
        },
        "chardet": {
            "hashes": [
                "sha256:84ab92ed1c4d4f16916e05906b6b75a6c0fb5db821cc65e70cbd64a3e2a5eaae",
                "sha256:fc323ffcaeaed0e0a02bf4d117757b98aed530d9ed4531e3e15460124c106691"
            ],
            "index": "pypi",
            "version": "==3.0.4"
        },
        "pycodestyle": {
            "hashes": [
                "sha256:95a2219d12372f05704562a14ec30bc76b05a5b297b21a5dfe3f6fac3491ae56",
                "sha256:e40a936c9a450ad81df37f549d676d127b1b66000a6c500caa2b085bc0ca976c"
            ],
            "index": "pypi",
            "version": "==2.5.0"
        },
        "pyqt5": {
            "hashes": [
                "sha256:517e4339135c4874b799af0d484bc2e8c27b54850113a68eec40a0b56534f450",
                "sha256:ac1eb5a114b6e7788e8be378be41c5e54b17d5158994504e85e43b5fca006a39",
                "sha256:d2309296a5a79d0a1c0e6c387c30f0398b65523a6dcc8a19cc172e46b949e00d",
                "sha256:e85936bae1581bcb908847d2038e5b34237a5e6acc03130099a78930770e7ead"
            ],
            "index": "pypi",
            "version": "==5.11.3"
        },
        "pyqt5-sip": {
            "hashes": [
                "sha256:125f77c087572c9272219cda030a63c2f996b8507592b2a54d7ef9b75f9f054d",
                "sha256:14c37b06e3fb7c2234cb208fa461ec4e62b4ba6d8b32ca3753c0b2cfd61b00e3",
                "sha256:1cb2cf52979f9085fc0eab7e0b2438eb4430d4aea8edec89762527e17317175b",
                "sha256:4babef08bccbf223ec34464e1ed0a23caeaeea390ca9a3529227d9a57f0d6ee4",
                "sha256:53cb9c1208511cda0b9ed11cffee992a5a2f5d96eb88722569b2ce65ecf6b960",
                "sha256:549449d9461d6c665cbe8af4a3808805c5e6e037cd2ce4fd93308d44a049bfac",
                "sha256:5f5b3089b200ff33de3f636b398e7199b57a6b5c1bb724bdb884580a072a14b5",
                "sha256:a4d9bf6e1fa2dd6e73f1873f1a47cee11a6ba0cf9ba8cf7002b28c76823600d0",
                "sha256:a4ee6026216f1fbe25c8847f9e0fbce907df5b908f84816e21af16ec7666e6fe",
                "sha256:a91a308a5e0cc99de1e97afd8f09f46dd7ca20cfaa5890ef254113eebaa1adff",
                "sha256:b0342540da479d2713edc68fb21f307473f68da896ad5c04215dae97630e0069",
                "sha256:f997e21b4e26a3397cb7b255b8d1db5b9772c8e0c94b6d870a5a0ab5c27eacaa"
            ],
            "version": "==4.19.13"
        },
        "win32core": {
            "hashes": [
                "sha256:57ebeea7ba14117713ddca3db6bdca57703b81792c5c7f743f35b9313461532a",
                "sha256:88e293e959dc5c50af3a9053cc7ac35273936080752316d4231b345cbc3c1b54",
                "sha256:92fafd29427a9f1cacba2017f2a24ff31cf09c2e57ac6990703248ab4bb460d1",
                "sha256:934ab3759403909327c8c8c85d3cee15da67282311f328591d74a2f25260b0f6",
                "sha256:d2132324bd38704f040fbd9e23bc1ecb0f4bcb51354e9f2a93135bdc336d667d",
                "sha256:face47b84e63fd9e9d8457d5917ca83b3d1ceaf07503ab3ca9ef426a2ee119f9"
            ],
            "version": "==221.36"
        },
        "win32gui": {
            "hashes": [
                "sha256:1578249c3bffca9f606749e99f0526c4b976f05727640e2e894d446f23d31ccb",
                "sha256:286553c910cfbe99826260863b18d9633836e0399320a58d52f844c749307bdf",
                "sha256:ec864ef3dbcac00410268f80e39df110e41518afc8810cad00125be114ea1941",
                "sha256:f1ebf9c96f3726af207fd12882a7625974c22988ae08a29c34c693e23eb8a7c6"
            ],
            "index": "pypi",
            "version": "==221.6"
        }
    },
    "develop": {}
}
